
Microsoft Visual Studio Solution File, Format Version 12.00
# Visual Studio Version 17
VisualStudioVersion = 17.0.31903.59
MinimumVisualStudioVersion = 10.0.40219.1
Project("{FAE04EC0-301F-11D3-BF4B-00C04F79EFBC}") = "API", "API\API.csproj", "{A05508A9-17B2-47FC-B26D-70ED7829DAFB}"
EndProject
Project("{FAE04EC0-301F-11D3-BF4B-00C04F79EFBC}") = "Application", "Application\Application.csproj", "{B38366E6-C88B-4F9E-ABFA-E182E76CCE6E}"
EndProject
Project("{FAE04EC0-301F-11D3-BF4B-00C04F79EFBC}") = "Domain", "Domain\Domain.csproj", "{CE92F014-4A60-4D4C-938E-ABFB8E78035C}"
EndProject
Project("{FAE04EC0-301F-11D3-BF4B-00C04F79EFBC}") = "Persistence", "Persistence\Persistence.csproj", "{6595AE4D-C1FC-4774-B662-56370DBFAC28}"
EndProject
Global
	GlobalSection(SolutionConfigurationPlatforms) = preSolution
		Debug|Any CPU = Debug|Any CPU
		Release|Any CPU = Release|Any CPU
	EndGlobalSection
	GlobalSection(SolutionProperties) = preSolution
		HideSolutionNode = FALSE
	EndGlobalSection
	GlobalSection(ProjectConfigurationPlatforms) = postSolution
		{A05508A9-17B2-47FC-B26D-70ED7829DAFB}.Debug|Any CPU.ActiveCfg = Debug|Any CPU
		{A05508A9-17B2-47FC-B26D-70ED7829DAFB}.Debug|Any CPU.Build.0 = Debug|Any CPU
		{A05508A9-17B2-47FC-B26D-70ED7829DAFB}.Release|Any CPU.ActiveCfg = Release|Any CPU
		{A05508A9-17B2-47FC-B26D-70ED7829DAFB}.Release|Any CPU.Build.0 = Release|Any CPU
		{B38366E6-C88B-4F9E-ABFA-E182E76CCE6E}.Debug|Any CPU.ActiveCfg = Debug|Any CPU
		{B38366E6-C88B-4F9E-ABFA-E182E76CCE6E}.Debug|Any CPU.Build.0 = Debug|Any CPU
		{B38366E6-C88B-4F9E-ABFA-E182E76CCE6E}.Release|Any CPU.ActiveCfg = Release|Any CPU
		{B38366E6-C88B-4F9E-ABFA-E182E76CCE6E}.Release|Any CPU.Build.0 = Release|Any CPU
		{CE92F014-4A60-4D4C-938E-ABFB8E78035C}.Debug|Any CPU.ActiveCfg = Debug|Any CPU
		{CE92F014-4A60-4D4C-938E-ABFB8E78035C}.Debug|Any CPU.Build.0 = Debug|Any CPU
		{CE92F014-4A60-4D4C-938E-ABFB8E78035C}.Release|Any CPU.ActiveCfg = Release|Any CPU
		{CE92F014-4A60-4D4C-938E-ABFB8E78035C}.Release|Any CPU.Build.0 = Release|Any CPU
		{6595AE4D-C1FC-4774-B662-56370DBFAC28}.Debug|Any CPU.ActiveCfg = Debug|Any CPU
		{6595AE4D-C1FC-4774-B662-56370DBFAC28}.Debug|Any CPU.Build.0 = Debug|Any CPU
		{6595AE4D-C1FC-4774-B662-56370DBFAC28}.Release|Any CPU.ActiveCfg = Release|Any CPU
		{6595AE4D-C1FC-4774-B662-56370DBFAC28}.Release|Any CPU.Build.0 = Release|Any CPU
	EndGlobalSection
EndGlobal
